{
  "name": "static",
  "version": "1.0.0",
  "lockfileVersion": 1,
  "requires": true,
  "dependencies": {
    "@coderline/alphatab": {
      "version": "1.2.2",
      "resolved": "https://registry.npmjs.org/@coderline/alphatab/-/alphatab-1.2.2.tgz",
      "integrity": "sha512-IJ+L9nGLkH1vBDWvVdpo9qsvym6X5d7L4eYn8z7p14iiQhsPJNY9W0Nwsc3FeYTymDXKfHGDTI8eEEcKnghr3g=="
    }
  }
}
